
Microsoft Visual Studio Solution File, Format Version 11.00
# Visual Studio 2010
Project("{FAE04EC0-301F-11D3-BF4B-00C04F79EFBC}") = "ImageSender", "Assembly-CSharp.csproj", "{63E544D2-2A55-3B2D-D084-17EEA98CAD44}"
EndProject
Global
	GlobalSection(SolutionConfigurationPlatforms) = preSolution
		Debug|Any CPU = Debug|Any CPU
		Release|Any CPU = Release|Any CPU
	EndGlobalSection
	GlobalSection(ProjectConfigurationPlatforms) = postSolution
		{63E544D2-2A55-3B2D-D084-17EEA98CAD44}.Debug|Any CPU.ActiveCfg = Debug|Any CPU
		{63E544D2-2A55-3B2D-D084-17EEA98CAD44}.Debug|Any CPU.Build.0 = Debug|Any CPU
		{63E544D2-2A55-3B2D-D084-17EEA98CAD44}.Release|Any CPU.ActiveCfg = Release|Any CPU
		{63E544D2-2A55-3B2D-D084-17EEA98CAD44}.Release|Any CPU.Build.0 = Release|Any CPU
	EndGlobalSection
	GlobalSection(SolutionProperties) = preSolution
		HideSolutionNode = FALSE
	EndGlobalSection
	GlobalSection(MonoDevelopProperties) = preSolution
		StartupItem = Assembly-CSharp.csproj
	EndGlobalSection
EndGlobal
